
Microsoft Visual Studio Solution File, Format Version 12.00
# Visual Studio Version 16
VisualStudioVersion = 16.0.32228.343
MinimumVisualStudioVersion = 10.0.40219.1
Project("{8BC9CEB8-8B4A-11D0-8D11-00A0C91BC942}") = "OriginsBASS", "OriginsBASS\OriginsBASS.vcxproj", "{2F0BBDD6-99C6-4CF9-B100-19B5D54A7CBE}"
EndProject
Global
	GlobalSection(SolutionConfigurationPlatforms) = preSolution
		Debug|x64 = Debug|x64
		Debug|x86 = Debug|x86
		Release|x64 = Release|x64
		Release|x86 = Release|x86
	EndGlobalSection
	GlobalSection(ProjectConfigurationPlatforms) = postSolution
		{2F0BBDD6-99C6-4CF9-B100-19B5D54A7CBE}.Debug|x64.ActiveCfg = Debug|x64
		{2F0BBDD6-99C6-4CF9-B100-19B5D54A7CBE}.Debug|x64.Build.0 = Debug|x64
		{2F0BBDD6-99C6-4CF9-B100-19B5D54A7CBE}.Debug|x86.ActiveCfg = Debug|Win32
		{2F0BBDD6-99C6-4CF9-B100-19B5D54A7CBE}.Debug|x86.Build.0 = Debug|Win32
		{2F0BBDD6-99C6-4CF9-B100-19B5D54A7CBE}.Release|x64.ActiveCfg = Release|x64
		{2F0BBDD6-99C6-4CF9-B100-19B5D54A7CBE}.Release|x64.Build.0 = Release|x64
		{2F0BBDD6-99C6-4CF9-B100-19B5D54A7CBE}.Release|x86.ActiveCfg = Release|x64
	EndGlobalSection
	GlobalSection(SolutionProperties) = preSolution
		HideSolutionNode = FALSE
	EndGlobalSection
	GlobalSection(ExtensibilityGlobals) = postSolution
		SolutionGuid = {7B44CC1F-67E8-41F5-9DB4-7E06F9A4D5F2}
	EndGlobalSection
EndGlobal
